
Microsoft Visual Studio Solution File, Format Version 12.00
# Visual Studio 2013
VisualStudioVersion = 12.0.30723.0
MinimumVisualStudioVersion = 10.0.40219.1
Project("{FAE04EC0-301F-11D3-BF4B-00C04F79EFBC}") = "01_Uygulama", "01_Uygulama\01_Uygulama.csproj", "{3AA6D26D-84B2-45B4-8BA6-76A77D021945}"
EndProject
Project("{FAE04EC0-301F-11D3-BF4B-00C04F79EFBC}") = "02_Uygulama", "02_Uygulama\02_Uygulama.csproj", "{BA7E01F6-07EF-480B-AEDA-0579AD71281F}"
EndProject
Project("{FAE04EC0-301F-11D3-BF4B-00C04F79EFBC}") = "03_Uygulama", "03_Uygulama\03_Uygulama.csproj", "{65FED90D-A112-4996-9B65-500922E45AF3}"
EndProject
Project("{FAE04EC0-301F-11D3-BF4B-00C04F79EFBC}") = "04_Uygulama", "04_Uygulama\04_Uygulama.csproj", "{7DA3D222-4931-457C-8145-03E377D1689F}"
EndProject
Global
	GlobalSection(SolutionConfigurationPlatforms) = preSolution
		Debug|Any CPU = Debug|Any CPU
		Release|Any CPU = Release|Any CPU
	EndGlobalSection
	GlobalSection(ProjectConfigurationPlatforms) = postSolution
		{3AA6D26D-84B2-45B4-8BA6-76A77D021945}.Debug|Any CPU.ActiveCfg = Debug|Any CPU
		{3AA6D26D-84B2-45B4-8BA6-76A77D021945}.Debug|Any CPU.Build.0 = Debug|Any CPU
		{3AA6D26D-84B2-45B4-8BA6-76A77D021945}.Release|Any CPU.ActiveCfg = Release|Any CPU
		{3AA6D26D-84B2-45B4-8BA6-76A77D021945}.Release|Any CPU.Build.0 = Release|Any CPU
		{BA7E01F6-07EF-480B-AEDA-0579AD71281F}.Debug|Any CPU.ActiveCfg = Debug|Any CPU
		{BA7E01F6-07EF-480B-AEDA-0579AD71281F}.Debug|Any CPU.Build.0 = Debug|Any CPU
		{BA7E01F6-07EF-480B-AEDA-0579AD71281F}.Release|Any CPU.ActiveCfg = Release|Any CPU
		{BA7E01F6-07EF-480B-AEDA-0579AD71281F}.Release|Any CPU.Build.0 = Release|Any CPU
		{65FED90D-A112-4996-9B65-500922E45AF3}.Debug|Any CPU.ActiveCfg = Debug|Any CPU
		{65FED90D-A112-4996-9B65-500922E45AF3}.Debug|Any CPU.Build.0 = Debug|Any CPU
		{65FED90D-A112-4996-9B65-500922E45AF3}.Release|Any CPU.ActiveCfg = Release|Any CPU
		{65FED90D-A112-4996-9B65-500922E45AF3}.Release|Any CPU.Build.0 = Release|Any CPU
		{7DA3D222-4931-457C-8145-03E377D1689F}.Debug|Any CPU.ActiveCfg = Debug|Any CPU
		{7DA3D222-4931-457C-8145-03E377D1689F}.Debug|Any CPU.Build.0 = Debug|Any CPU
		{7DA3D222-4931-457C-8145-03E377D1689F}.Release|Any CPU.ActiveCfg = Release|Any CPU
		{7DA3D222-4931-457C-8145-03E377D1689F}.Release|Any CPU.Build.0 = Release|Any CPU
	EndGlobalSection
	GlobalSection(SolutionProperties) = preSolution
		HideSolutionNode = FALSE
	EndGlobalSection
EndGlobal
